{
  "name": "firstapp",
  "version": "1.0.0",
  "lockfileVersion": 3,
  "requires": true,
  "packages": {
    "": {
      "name": "firstapp",
      "version": "1.0.0",
      "license": "ISC",
      "dependencies": {
        "create-next-app": "^13.4.6"
      }
    },
    "node_modules/create-next-app": {
      "version": "13.4.6",
      "resolved": "https://registry.npmjs.org/create-next-app/-/create-next-app-13.4.6.tgz",
      "integrity": "sha512-Mc6oGELa+awxtLkDLbH0DYn8yUKnCIo2w1TkdMncf5cDqfyamBatl9W2W6iW6Sn0kFQRzp10cBhrnEKT2d19ug==",
      "bin": {
        "create-next-app": "dist/index.js"
      },
      "engines": {
        "node": ">=16.8.0"
      }
    }
  }
}
